// !$*UTF8*$!
{
	archiveVersion = 1;
	classes = {
	};
	objectVersion = 52;
	objects = {

/* Begin PBXBuildFile section */
		697356F52654243E00414F08 /* unigraphApp.swift in Sources */ = {isa = PBXBuildFile; fileRef = 697356F42654243E00414F08 /* unigraphApp.swift */; };
		697356F72654243E00414F08 /* ContentView.swift in Sources */ = {isa = PBXBuildFile; fileRef = 697356F62654243E00414F08 /* ContentView.swift */; };
		697356F92654244000414F08 /* Assets.xcassets in Resources */ = {isa = PBXBuildFile; fileRef = 697356F82654244000414F08 /* Assets.xcassets */; };
		697356FC2654244000414F08 /* Preview Assets.xcassets in Resources */ = {isa = PBXBuildFile; fileRef = 697356FB2654244000414F08 /* Preview Assets.xcassets */; };
		697DBD5026546036001B5316 /* API.swift in Sources */ = {isa = PBXBuildFile; fileRef = 697DBD4F26546036001B5316 /* API.swift */; };
		6980F4AA26583F4A00C98B4B /* components.swift in Sources */ = {isa = PBXBuildFile; fileRef = 6980F4A926583F4A00C98B4B /* components.swift */; };
		69A5BFA3265455980087F501 /* ApolloSQLite in Frameworks */ = {isa = PBXBuildFile; productRef = 69A5BFA2265455980087F501 /* ApolloSQLite */; };
		69A5BFA5265455980087F501 /* ApolloWebSocket in Frameworks */ = {isa = PBXBuildFile; productRef = 69A5BFA4265455980087F501 /* ApolloWebSocket */; };
		69A5BFA7265455980087F501 /* Apollo in Frameworks */ = {isa = PBXBuildFile; productRef = 69A5BFA6265455980087F501 /* Apollo */; };
		69A5BFA9265455980087F501 /* ApolloCore in Frameworks */ = {isa = PBXBuildFile; productRef = 69A5BFA8265455980087F501 /* ApolloCore */; };
		69A5BFAC2654562C0087F501 /* AllTokensQuery.graphql in Resources */ = {isa = PBXBuildFile; fileRef = 69A5BFAB2654562C0087F501 /* AllTokensQuery.graphql */; };
		69AB501B265947E80022A85D /* tokenlist.json in Resources */ = {isa = PBXBuildFile; fileRef = 69AB501A265947E80022A85D /* tokenlist.json */; };
		69AB501D265A64410022A85D /* data.swift in Sources */ = {isa = PBXBuildFile; fileRef = 69AB501C265A64410022A85D /* data.swift */; };
/* End PBXBuildFile section */

/* Begin PBXFileReference section */
		697356F12654243E00414F08 /* unigraph.app */ = {isa = PBXFileReference; explicitFileType = wrapper.application; includeInIndex = 0; path = unigraph.app; sourceTree = BUILT_PRODUCTS_DIR; };
		697356F42654243E00414F08 /* unigraphApp.swift */ = {isa = PBXFileReference; lastKnownFileType = sourcecode.swift; path = unigraphApp.swift; sourceTree = "<group>"; };
		697356F62654243E00414F08 /* ContentView.swift */ = {isa = PBXFileReference; lastKnownFileType = sourcecode.swift; path = ContentView.swift; sourceTree = "<group>"; };
		697356F82654244000414F08 /* Assets.xcassets */ = {isa = PBXFileReference; lastKnownFileType = folder.assetcatalog; path = Assets.xcassets; sourceTree = "<group>"; };
		697356FB2654244000414F08 /* Preview Assets.xcassets */ = {isa = PBXFileReference; lastKnownFileType = folder.assetcatalog; path = "Preview Assets.xcassets"; sourceTree = "<group>"; };
		697356FD2654244000414F08 /* Info.plist */ = {isa = PBXFileReference; lastKnownFileType = text.plist.xml; path = Info.plist; sourceTree = "<group>"; };
		697DBD4E26545E4E001B5316 /* schema.json */ = {isa = PBXFileReference; lastKnownFileType = text.json; path = schema.json; sourceTree = "<group>"; };
		697DBD4F26546036001B5316 /* API.swift */ = {isa = PBXFileReference; fileEncoding = 4; lastKnownFileType = sourcecode.swift; path = API.swift; sourceTree = "<group>"; };
		6980F4A926583F4A00C98B4B /* components.swift */ = {isa = PBXFileReference; lastKnownFileType = sourcecode.swift; path = components.swift; sourceTree = "<group>"; };
		69A5BFAB2654562C0087F501 /* AllTokensQuery.graphql */ = {isa = PBXFileReference; lastKnownFileType = text; path = AllTokensQuery.graphql; sourceTree = "<group>"; };
		69AB501A265947E80022A85D /* tokenlist.json */ = {isa = PBXFileReference; lastKnownFileType = text.json; path = tokenlist.json; sourceTree = "<group>"; };
		69AB501C265A64410022A85D /* data.swift */ = {isa = PBXFileReference; lastKnownFileType = sourcecode.swift; path = data.swift; sourceTree = "<group>"; };
/* End PBXFileReference section */

/* Begin PBXFrameworksBuildPhase section */
		697356EE2654243E00414F08 /* Frameworks */ = {
			isa = PBXFrameworksBuildPhase;
			buildActionMask = 2147483647;
			files = (
				69A5BFA3265455980087F501 /* ApolloSQLite in Frameworks */,
				69A5BFA7265455980087F501 /* Apollo in Frameworks */,
				69A5BFA9265455980087F501 /* ApolloCore in Frameworks */,
				69A5BFA5265455980087F501 /* ApolloWebSocket in Frameworks */,
			);
			runOnlyForDeploymentPostprocessing = 0;
		};
/* End PBXFrameworksBuildPhase section */

/* Begin PBXGroup section */
		697356E82654243E00414F08 = {
			isa = PBXGroup;
			children = (
				697356F32654243E00414F08 /* unigraph */,
				697356F22654243E00414F08 /* Products */,
			);
			sourceTree = "<group>";
		};
		697356F22654243E00414F08 /* Products */ = {
			isa = PBXGroup;
			children = (
				697356F12654243E00414F08 /* unigraph.app */,
			);
			name = Products;
			sourceTree = "<group>";
		};
		697356F32654243E00414F08 /* unigraph */ = {
			isa = PBXGroup;
			children = (
				697DBD4F26546036001B5316 /* API.swift */,
				697356F42654243E00414F08 /* unigraphApp.swift */,
				697356F62654243E00414F08 /* ContentView.swift */,
				6980F4A926583F4A00C98B4B /* components.swift */,
				69AB501C265A64410022A85D /* data.swift */,
				697356F82654244000414F08 /* Assets.xcassets */,
				697356FD2654244000414F08 /* Info.plist */,
				697356FA2654244000414F08 /* Preview Content */,
				69A5BFAB2654562C0087F501 /* AllTokensQuery.graphql */,
				697DBD4E26545E4E001B5316 /* schema.json */,
				69AB501A265947E80022A85D /* tokenlist.json */,
			);
			path = unigraph;
			sourceTree = "<group>";
		};
		697356FA2654244000414F08 /* Preview Content */ = {
			isa = PBXGroup;
			children = (
				697356FB2654244000414F08 /* Preview Assets.xcassets */,
			);
			path = "Preview Content";
			sourceTree = "<group>";
		};
/* End PBXGroup section */

/* Begin PBXNativeTarget section */
		697356F02654243E00414F08 /* unigraph */ = {
			isa = PBXNativeTarget;
			buildConfigurationList = 697357002654244000414F08 /* Build configuration list for PBXNativeTarget "unigraph" */;
			buildPhases = (
				697356ED2654243E00414F08 /* Sources */,
				697356EE2654243E00414F08 /* Frameworks */,
				697356EF2654243E00414F08 /* Resources */,
				69A5BFAA265455F60087F501 /* ShellScript */,
			);
			buildRules = (
			);
			dependencies = (
			);
			name = unigraph;
			packageProductDependencies = (
				69A5BFA2265455980087F501 /* ApolloSQLite */,
				69A5BFA4265455980087F501 /* ApolloWebSocket */,
				69A5BFA6265455980087F501 /* Apollo */,
				69A5BFA8265455980087F501 /* ApolloCore */,
			);
			productName = unigraph;
			productReference = 697356F12654243E00414F08 /* unigraph.app */;
			productType = "com.apple.product-type.application";
		};
/* End PBXNativeTarget section */

/* Begin PBXProject section */
		697356E92654243E00414F08 /* Project object */ = {
			isa = PBXProject;
			attributes = {
				LastSwiftUpdateCheck = 1250;
				LastUpgradeCheck = 1250;
				TargetAttributes = {
					697356F02654243E00414F08 = {
						CreatedOnToolsVersion = 12.5;
					};
				};
			};
			buildConfigurationList = 697356EC2654243E00414F08 /* Build configuration list for PBXProject "unigraph" */;
			compatibilityVersion = "Xcode 9.3";
			developmentRegion = en;
			hasScannedForEncodings = 0;
			knownRegions = (
				en,
				Base,
			);
			mainGroup = 697356E82654243E00414F08;
			packageReferences = (
				69A5BFA1265455980087F501 /* XCRemoteSwiftPackageReference "apollo-ios" */,
			);
			productRefGroup = 697356F22654243E00414F08 /* Products */;
			projectDirPath = "";
			projectRoot = "";
			targets = (
				697356F02654243E00414F08 /* unigraph */,
			);
		};
/* End PBXProject section */

/* Begin PBXResourcesBuildPhase section */
		697356EF2654243E00414F08 /* Resources */ = {
			isa = PBXResourcesBuildPhase;
			buildActionMask = 2147483647;
			files = (
				697356FC2654244000414F08 /* Preview Assets.xcassets in Resources */,
				697356F92654244000414F08 /* Assets.xcassets in Resources */,
				69A5BFAC2654562C0087F501 /* AllTokensQuery.graphql in Resources */,
				69AB501B265947E80022A85D /* tokenlist.json in Resources */,
			);
			runOnlyForDeploymentPostprocessing = 0;
		};
/* End PBXResourcesBuildPhase section */

/* Begin PBXShellScriptBuildPhase section */
		69A5BFAA265455F60087F501 /* ShellScript */ = {
			isa = PBXShellScriptBuildPhase;
			buildActionMask = 8;
			files = (
			);
			inputFileListPaths = (
			);
			inputPaths = (
			);
			outputFileListPaths = (
			);
			outputPaths = (
			);
			runOnlyForDeploymentPostprocessing = 1;
			shellPath = /bin/sh;
			shellScript = "# Go to the build root and search up the chain to find the Derived Data Path where the source packages are checked out.\nDERIVED_DATA_CANDIDATE=\"${BUILD_ROOT}\"\n\nwhile ! [ -d \"${DERIVED_DATA_CANDIDATE}/SourcePackages\" ]; do\n  if [ \"${DERIVED_DATA_CANDIDATE}\" = / ]; then\n    echo >&2 \"error: Unable to locate SourcePackages directory from BUILD_ROOT: '${BUILD_ROOT}'\"\n    exit 1\n  fi\n\n  DERIVED_DATA_CANDIDATE=\"$(dirname \"${DERIVED_DATA_CANDIDATE}\")\"\ndone\n\n# Grab a reference to the directory where scripts are checked out\nSCRIPT_PATH=\"${DERIVED_DATA_CANDIDATE}/SourcePackages/checkouts/apollo-ios/scripts\"\n\nif [ -z \"${SCRIPT_PATH}\" ]; then\n    echo >&2 \"error: Couldn't find the CLI script in your checked out SPM packages; make sure to add the framework to your project.\"\n    exit 1\nfi\n\ncd \"${SRCROOT}/${TARGET_NAME}\"\n# \"${SCRIPT_PATH}\"/run-bundled-codegen.sh schema:download --endpoint=https://api.thegraph.com/subgraphs/name/uniswap/uniswap-v2 schema.json\n\n\"${SCRIPT_PATH}\"/run-bundled-codegen.sh codegen:generate --target=swift --includes=./**/*.graphql --localSchemaFile=\"schema.json\" API.swift\n";
		};
/* End PBXShellScriptBuildPhase section */

/* Begin PBXSourcesBuildPhase section */
		697356ED2654243E00414F08 /* Sources */ = {
			isa = PBXSourcesBuildPhase;
			buildActionMask = 2147483647;
			files = (
				697356F72654243E00414F08 /* ContentView.swift in Sources */,
				6980F4AA26583F4A00C98B4B /* components.swift in Sources */,
				697DBD5026546036001B5316 /* API.swift in Sources */,
				69AB501D265A64410022A85D /* data.swift in Sources */,
				697356F52654243E00414F08 /* unigraphApp.swift in Sources */,
			);
			runOnlyForDeploymentPostprocessing = 0;
		};
/* End PBXSourcesBuildPhase section */

/* Begin XCBuildConfiguration section */
		697356FE2654244000414F08 /* Debug */ = {
			isa = XCBuildConfiguration;
			buildSettings = {
				ALWAYS_SEARCH_USER_PATHS = NO;
				CLANG_ANALYZER_NONNULL = YES;
				CLANG_ANALYZER_NUMBER_OBJECT_CONVERSION = YES_AGGRESSIVE;
				CLANG_CXX_LANGUAGE_STANDARD = "gnu++14";
				CLANG_CXX_LIBRARY = "libc++";
				CLANG_ENABLE_MODULES = YES;
				CLANG_ENABLE_OBJC_ARC = YES;
				CLANG_ENABLE_OBJC_WEAK = YES;
				CLANG_WARN_BLOCK_CAPTURE_AUTORELEASING = YES;
				CLANG_WARN_BOOL_CONVERSION = YES;
				CLANG_WARN_COMMA = YES;
				CLANG_WARN_CONSTANT_CONVERSION = YES;
				CLANG_WARN_DEPRECATED_OBJC_IMPLEMENTATIONS = YES;
				CLANG_WARN_DIRECT_OBJC_ISA_USAGE = YES_ERROR;
				CLANG_WARN_DOCUMENTATION_COMMENTS = YES;
				CLANG_WARN_EMPTY_BODY = YES;
				CLANG_WARN_ENUM_CONVERSION = YES;
				CLANG_WARN_INFINITE_RECURSION = YES;
				CLANG_WARN_INT_CONVERSION = YES;
				CLANG_WARN_NON_LITERAL_NULL_CONVERSION = YES;
				CLANG_WARN_OBJC_IMPLICIT_RETAIN_SELF = YES;
				CLANG_WARN_OBJC_LITERAL_CONVERSION = YES;
				CLANG_WARN_OBJC_ROOT_CLASS = YES_ERROR;
				CLANG_WARN_QUOTED_INCLUDE_IN_FRAMEWORK_HEADER = YES;
				CLANG_WARN_RANGE_LOOP_ANALYSIS = YES;
				CLANG_WARN_STRICT_PROTOTYPES = YES;
				CLANG_WARN_SUSPICIOUS_MOVE = YES;
				CLANG_WARN_UNGUARDED_AVAILABILITY = YES_AGGRESSIVE;
				CLANG_WARN_UNREACHABLE_CODE = YES;
				CLANG_WARN__DUPLICATE_METHOD_MATCH = YES;
				COPY_PHASE_STRIP = NO;
				DEBUG_INFORMATION_FORMAT = dwarf;
				ENABLE_STRICT_OBJC_MSGSEND = YES;
				ENABLE_TESTABILITY = YES;
				GCC_C_LANGUAGE_STANDARD = gnu11;
				GCC_DYNAMIC_NO_PIC = NO;
				GCC_NO_COMMON_BLOCKS = YES;
				GCC_OPTIMIZATION_LEVEL = 0;
				GCC_PREPROCESSOR_DEFINITIONS = (
					"DEBUG=1",
					"$(inherited)",
				);
				GCC_WARN_64_TO_32_BIT_CONVERSION = YES;
				GCC_WARN_ABOUT_RETURN_TYPE = YES_ERROR;
				GCC_WARN_UNDECLARED_SELECTOR = YES;
				GCC_WARN_UNINITIALIZED_AUTOS = YES_AGGRESSIVE;
				GCC_WARN_UNUSED_FUNCTION = YES;
				GCC_WARN_UNUSED_VARIABLE = YES;
				IPHONEOS_DEPLOYMENT_TARGET = 14.5;
				MTL_ENABLE_DEBUG_INFO = INCLUDE_SOURCE;
				MTL_FAST_MATH = YES;
				ONLY_ACTIVE_ARCH = YES;
				SDKROOT = iphoneos;
				SWIFT_ACTIVE_COMPILATION_CONDITIONS = DEBUG;
				SWIFT_OPTIMIZATION_LEVEL = "-Onone";
			};
			name = Debug;
		};
		697356FF2654244000414F08 /* Release */ = {
			isa = XCBuildConfiguration;
			buildSettings = {
				ALWAYS_SEARCH_USER_PATHS = NO;
				CLANG_ANALYZER_NONNULL = YES;
				CLANG_ANALYZER_NUMBER_OBJECT_CONVERSION = YES_AGGRESSIVE;
				CLANG_CXX_LANGUAGE_STANDARD = "gnu++14";
				CLANG_CXX_LIBRARY = "libc++";
				CLANG_ENABLE_MODULES = YES;
				CLANG_ENABLE_OBJC_ARC = YES;
				CLANG_ENABLE_OBJC_WEAK = YES;
				CLANG_WARN_BLOCK_CAPTURE_AUTORELEASING = YES;
				CLANG_WARN_BOOL_CONVERSION = YES;
				CLANG_WARN_COMMA = YES;
				CLANG_WARN_CONSTANT_CONVERSION = YES;
				CLANG_WARN_DEPRECATED_OBJC_IMPLEMENTATIONS = YES;
				CLANG_WARN_DIRECT_OBJC_ISA_USAGE = YES_ERROR;
				CLANG_WARN_DOCUMENTATION_COMMENTS = YES;
				CLANG_WARN_EMPTY_BODY = YES;
				CLANG_WARN_ENUM_CONVERSION = YES;
				CLANG_WARN_INFINITE_RECURSION = YES;
				CLANG_WARN_INT_CONVERSION = YES;
				CLANG_WARN_NON_LITERAL_NULL_CONVERSION = YES;
				CLANG_WARN_OBJC_IMPLICIT_RETAIN_SELF = YES;
				CLANG_WARN_OBJC_LITERAL_CONVERSION = YES;
				CLANG_WARN_OBJC_ROOT_CLASS = YES_ERROR;
				CLANG_WARN_QUOTED_INCLUDE_IN_FRAMEWORK_HEADER = YES;
				CLANG_WARN_RANGE_LOOP_ANALYSIS = YES;
				CLANG_WARN_STRICT_PROTOTYPES = YES;
				CLANG_WARN_SUSPICIOUS_MOVE = YES;
				CLANG_WARN_UNGUARDED_AVAILABILITY = YES_AGGRESSIVE;
				CLANG_WARN_UNREACHABLE_CODE = YES;
				CLANG_WARN__DUPLICATE_METHOD_MATCH = YES;
				COPY_PHASE_STRIP = NO;
				DEBUG_INFORMATION_FORMAT = "dwarf-with-dsym";
				ENABLE_NS_ASSERTIONS = NO;
				ENABLE_STRICT_OBJC_MSGSEND = YES;
				GCC_C_LANGUAGE_STANDARD = gnu11;
				GCC_NO_COMMON_BLOCKS = YES;
				GCC_WARN_64_TO_32_BIT_CONVERSION = YES;
				GCC_WARN_ABOUT_RETURN_TYPE = YES_ERROR;
				GCC_WARN_UNDECLARED_SELECTOR = YES;
				GCC_WARN_UNINITIALIZED_AUTOS = YES_AGGRESSIVE;
				GCC_WARN_UNUSED_FUNCTION = YES;
				GCC_WARN_UNUSED_VARIABLE = YES;
				IPHONEOS_DEPLOYMENT_TARGET = 14.5;
				MTL_ENABLE_DEBUG_INFO = NO;
				MTL_FAST_MATH = YES;
				SDKROOT = iphoneos;
				SWIFT_COMPILATION_MODE = wholemodule;
				SWIFT_OPTIMIZATION_LEVEL = "-O";
				VALIDATE_PRODUCT = YES;
			};
			name = Release;
		};
		697357012654244000414F08 /* Debug */ = {
			isa = XCBuildConfiguration;
			buildSettings = {
				ASSETCATALOG_COMPILER_APPICON_NAME = AppIcon;
				ASSETCATALOG_COMPILER_GLOBAL_ACCENT_COLOR_NAME = AccentColor;
				CODE_SIGN_STYLE = Automatic;
				DEVELOPMENT_ASSET_PATHS = "\"unigraph/Preview Content\"";
				DEVELOPMENT_TEAM = 84383757VH;
				ENABLE_PREVIEWS = YES;
				INFOPLIST_FILE = unigraph/Info.plist;
				IPHONEOS_DEPLOYMENT_TARGET = 14.0;
				LD_RUNPATH_SEARCH_PATHS = (
					"$(inherited)",
					"@executable_path/Frameworks",
				);
				PRODUCT_BUNDLE_IDENTIFIER = com.janndriessen.unigraph;
				PRODUCT_NAME = "$(TARGET_NAME)";
				SWIFT_VERSION = 5.0;
				TARGETED_DEVICE_FAMILY = "1,2";
			};
			name = Debug;
		};
		697357022654244000414F08 /* Release */ = {
			isa = XCBuildConfiguration;
			buildSettings = {
				ASSETCATALOG_COMPILER_APPICON_NAME = AppIcon;
				ASSETCATALOG_COMPILER_GLOBAL_ACCENT_COLOR_NAME = AccentColor;
				CODE_SIGN_STYLE = Automatic;
				DEVELOPMENT_ASSET_PATHS = "\"unigraph/Preview Content\"";
				DEVELOPMENT_TEAM = 84383757VH;
				ENABLE_PREVIEWS = YES;
				INFOPLIST_FILE = unigraph/Info.plist;
				IPHONEOS_DEPLOYMENT_TARGET = 14.0;
				LD_RUNPATH_SEARCH_PATHS = (
					"$(inherited)",
					"@executable_path/Frameworks",
				);
				PRODUCT_BUNDLE_IDENTIFIER = com.janndriessen.unigraph;
				PRODUCT_NAME = "$(TARGET_NAME)";
				SWIFT_VERSION = 5.0;
				TARGETED_DEVICE_FAMILY = "1,2";
			};
			name = Release;
		};
/* End XCBuildConfiguration section */

/* Begin XCConfigurationList section */
		697356EC2654243E00414F08 /* Build configuration list for PBXProject "unigraph" */ = {
			isa = XCConfigurationList;
			buildConfigurations = (
				697356FE2654244000414F08 /* Debug */,
				697356FF2654244000414F08 /* Release */,
			);
			defaultConfigurationIsVisible = 0;
			defaultConfigurationName = Release;
		};
		697357002654244000414F08 /* Build configuration list for PBXNativeTarget "unigraph" */ = {
			isa = XCConfigurationList;
			buildConfigurations = (
				697357012654244000414F08 /* Debug */,
				697357022654244000414F08 /* Release */,
			);
			defaultConfigurationIsVisible = 0;
			defaultConfigurationName = Release;
		};
/* End XCConfigurationList section */

/* Begin XCRemoteSwiftPackageReference section */
		69A5BFA1265455980087F501 /* XCRemoteSwiftPackageReference "apollo-ios" */ = {
			isa = XCRemoteSwiftPackageReference;
			repositoryURL = "https://github.com/apollographql/apollo-ios.git";
			requirement = {
				kind = exactVersion;
				version = 0.43.0;
			};
		};
/* End XCRemoteSwiftPackageReference section */

/* Begin XCSwiftPackageProductDependency section */
		69A5BFA2265455980087F501 /* ApolloSQLite */ = {
			isa = XCSwiftPackageProductDependency;
			package = 69A5BFA1265455980087F501 /* XCRemoteSwiftPackageReference "apollo-ios" */;
			productName = ApolloSQLite;
		};
		69A5BFA4265455980087F501 /* ApolloWebSocket */ = {
			isa = XCSwiftPackageProductDependency;
			package = 69A5BFA1265455980087F501 /* XCRemoteSwiftPackageReference "apollo-ios" */;
			productName = ApolloWebSocket;
		};
		69A5BFA6265455980087F501 /* Apollo */ = {
			isa = XCSwiftPackageProductDependency;
			package = 69A5BFA1265455980087F501 /* XCRemoteSwiftPackageReference "apollo-ios" */;
			productName = Apollo;
		};
		69A5BFA8265455980087F501 /* ApolloCore */ = {
			isa = XCSwiftPackageProductDependency;
			package = 69A5BFA1265455980087F501 /* XCRemoteSwiftPackageReference "apollo-ios" */;
			productName = ApolloCore;
		};
/* End XCSwiftPackageProductDependency section */
	};
	rootObject = 697356E92654243E00414F08 /* Project object */;
}
